lockfileVersion: '9.0'

settings:
  autoInstallPeers: true
  excludeLinksFromLockfile: false

importers:

  .:
    optionalDependencies:
      '@rolldown/binding-linux-x64-musl':
        specifier: 1.1.4
        version: 1.1.4
      lightningcss-linux-x64-musl:
        specifier: 1.32.0
        version: 1.32.0

packages:

  '@rolldown/binding-linux-x64-musl@1.1.4':
    resolution: {integrity: sha512-rT6yQcxUuXs4CnbofqwHRRV0iem349rLMYpTjkgQGLjrY4ado/eDzwPZPTCgTOlF6Nkp8NEv70yLMTn6qkWxsQ==}
    engines: {node: ^20.19.0 || >=22.12.0}
    cpu: [x64]
    os: [linux]
    libc: [musl]

  lightningcss-linux-x64-musl@1.32.0:
    resolution: {integrity: sha512-bYcLp+Vb0awsiXg/80uCRezCYHNg1/l3mt0gzHnWV9XP1W5sKa5/TCdGWaR/zBM2PeF/HbsQv/j2URNOiVuxWg==}
    engines: {node: '>= 12.0.0'}
    cpu: [x64]
    os: [linux]
    libc: [musl]

snapshots:

  '@rolldown/binding-linux-x64-musl@1.1.4':
    optional: true

  lightningcss-linux-x64-musl@1.32.0:
    optional: true
